{
    "name": "bookstore-cds",
    "version": "1.0.0",
    "lockfileVersion": 3,
    "requires": true,
    "packages": {
        "": {
            "name": "bookstore-cds",
            "version": "1.0.0",
            "license": "ISC",
            "dependencies": {
                "@sap/capire-products": "file:sap-capire-products-1.0.0.tgz"
            }
        },
        "node_modules/@sap/capire-products": {
            "version": "1.0.0",
            "resolved": "file:sap-capire-products-1.0.0.tgz",
            "integrity": "sha512-zDSjpAWJ98yXLt+suWyvgGbyDF6n+fmzPOeC0M26hLqeGpfRsi5P9Fo+bfweVSjkar21sobt+JwS0harFkW0Qg==",
            "license": "ISC"
        }
    }
}
